// !$*UTF8*$!
{
	archiveVersion = 1;
	classes = {
	};
	objectVersion = 56;
	objects = {

/* Begin PBXBuildFile section */
		46CDC42D2A8F90330069C6AF /* HomeViewModel.swift in Sources */ = {isa = PBXBuildFile; fileRef = 46CDC42C2A8F90330069C6AF /* HomeViewModel.swift */; };
		46CDC4312A8F95680069C6AF /* StoryCardCollectionViewCell.swift in Sources */ = {isa = PBXBuildFile; fileRef = 46CDC4302A8F95680069C6AF /* StoryCardCollectionViewCell.swift */; };
		46CDC4342A8F96840069C6AF /* StoryCardCollectionViewCellScreen.swift in Sources */ = {isa = PBXBuildFile; fileRef = 46CDC4332A8F96840069C6AF /* StoryCardCollectionViewCellScreen.swift */; };
		46CDC43A2A8FA6AC0069C6AF /* StoryCardViewModel.swift in Sources */ = {isa = PBXBuildFile; fileRef = 46CDC4392A8FA6AC0069C6AF /* StoryCardViewModel.swift */; };
		46CDC43D2A8FA9310069C6AF /* Storys.swift in Sources */ = {isa = PBXBuildFile; fileRef = 46CDC43C2A8FA9310069C6AF /* Storys.swift */; };
		46CDC4402A90D8D20069C6AF /* StoryCollectionViewCell.swift in Sources */ = {isa = PBXBuildFile; fileRef = 46CDC43F2A90D8D20069C6AF /* StoryCollectionViewCell.swift */; };
		46CDC4432A90D9BA0069C6AF /* StoryCollectionViewCellScreen.swift in Sources */ = {isa = PBXBuildFile; fileRef = 46CDC4422A90D9BA0069C6AF /* StoryCollectionViewCellScreen.swift */; };
		46CDC4482A90FFFC0069C6AF /* PostCardCollectionViewCell.swift in Sources */ = {isa = PBXBuildFile; fileRef = 46CDC4472A90FFFC0069C6AF /* PostCardCollectionViewCell.swift */; };
		46CDC44B2A91007E0069C6AF /* PostCardCollectionViewCellScreen.swift in Sources */ = {isa = PBXBuildFile; fileRef = 46CDC44A2A91007E0069C6AF /* PostCardCollectionViewCellScreen.swift */; };
		46CDC44D2A93A68B0069C6AF /* Posts.swift in Sources */ = {isa = PBXBuildFile; fileRef = 46CDC44C2A93A68B0069C6AF /* Posts.swift */; };
		46CDC4502A93ACC50069C6AF /* PostCardViewModel.swift in Sources */ = {isa = PBXBuildFile; fileRef = 46CDC44F2A93ACC50069C6AF /* PostCardViewModel.swift */; };
		46CDC4532A93B13F0069C6AF /* PostCollectionViewCell.swift in Sources */ = {isa = PBXBuildFile; fileRef = 46CDC4522A93B13F0069C6AF /* PostCollectionViewCell.swift */; };
		46CDC4562A93B20B0069C6AF /* PostCollectionViewCellScreen.swift in Sources */ = {isa = PBXBuildFile; fileRef = 46CDC4552A93B20B0069C6AF /* PostCollectionViewCellScreen.swift */; };
		46E0D4C92A8E541200494BD5 /* AppDelegate.swift in Sources */ = {isa = PBXBuildFile; fileRef = 46E0D4C82A8E541200494BD5 /* AppDelegate.swift */; };
		46E0D4CB2A8E541200494BD5 /* SceneDelegate.swift in Sources */ = {isa = PBXBuildFile; fileRef = 46E0D4CA2A8E541200494BD5 /* SceneDelegate.swift */; };
		46E0D4CD2A8E541200494BD5 /* HomeVC.swift in Sources */ = {isa = PBXBuildFile; fileRef = 46E0D4CC2A8E541200494BD5 /* HomeVC.swift */; };
		46E0D4D22A8E541400494BD5 /* Assets.xcassets in Resources */ = {isa = PBXBuildFile; fileRef = 46E0D4D12A8E541400494BD5 /* Assets.xcassets */; };
		46E0D4D52A8E541400494BD5 /* LaunchScreen.storyboard in Resources */ = {isa = PBXBuildFile; fileRef = 46E0D4D32A8E541400494BD5 /* LaunchScreen.storyboard */; };
		46E0D4DE2A8E56E200494BD5 /* HomeScreen.swift in Sources */ = {isa = PBXBuildFile; fileRef = 46E0D4DD2A8E56E200494BD5 /* HomeScreen.swift */; };
		46E0D4E12A8E5C4600494BD5 /* UIView + Extension.swift in Sources */ = {isa = PBXBuildFile; fileRef = 46E0D4E02A8E5C4600494BD5 /* UIView + Extension.swift */; };
		46E0D4E32A8E5FD600494BD5 /* UIColor + Extension.swift in Sources */ = {isa = PBXBuildFile; fileRef = 46E0D4E22A8E5FD600494BD5 /* UIColor + Extension.swift */; };
/* End PBXBuildFile section */

/* Begin PBXFileReference section */
		46CDC42C2A8F90330069C6AF /* HomeViewModel.swift */ = {isa = PBXFileReference; lastKnownFileType = sourcecode.swift; path = HomeViewModel.swift; sourceTree = "<group>"; };
		46CDC4302A8F95680069C6AF /* StoryCardCollectionViewCell.swift */ = {isa = PBXFileReference; lastKnownFileType = sourcecode.swift; path = StoryCardCollectionViewCell.swift; sourceTree = "<group>"; };
		46CDC4332A8F96840069C6AF /* StoryCardCollectionViewCellScreen.swift */ = {isa = PBXFileReference; lastKnownFileType = sourcecode.swift; path = StoryCardCollectionViewCellScreen.swift; sourceTree = "<group>"; };
		46CDC4392A8FA6AC0069C6AF /* StoryCardViewModel.swift */ = {isa = PBXFileReference; lastKnownFileType = sourcecode.swift; path = StoryCardViewModel.swift; sourceTree = "<group>"; };
		46CDC43C2A8FA9310069C6AF /* Storys.swift */ = {isa = PBXFileReference; lastKnownFileType = sourcecode.swift; path = Storys.swift; sourceTree = "<group>"; };
		46CDC43F2A90D8D20069C6AF /* StoryCollectionViewCell.swift */ = {isa = PBXFileReference; lastKnownFileType = sourcecode.swift; path = StoryCollectionViewCell.swift; sourceTree = "<group>"; };
		46CDC4422A90D9BA0069C6AF /* StoryCollectionViewCellScreen.swift */ = {isa = PBXFileReference; lastKnownFileType = sourcecode.swift; path = StoryCollectionViewCellScreen.swift; sourceTree = "<group>"; };
		46CDC4472A90FFFC0069C6AF /* PostCardCollectionViewCell.swift */ = {isa = PBXFileReference; lastKnownFileType = sourcecode.swift; path = PostCardCollectionViewCell.swift; sourceTree = "<group>"; };
		46CDC44A2A91007E0069C6AF /* PostCardCollectionViewCellScreen.swift */ = {isa = PBXFileReference; lastKnownFileType = sourcecode.swift; path = PostCardCollectionViewCellScreen.swift; sourceTree = "<group>"; };
		46CDC44C2A93A68B0069C6AF /* Posts.swift */ = {isa = PBXFileReference; lastKnownFileType = sourcecode.swift; path = Posts.swift; sourceTree = "<group>"; };
		46CDC44F2A93ACC50069C6AF /* PostCardViewModel.swift */ = {isa = PBXFileReference; lastKnownFileType = sourcecode.swift; path = PostCardViewModel.swift; sourceTree = "<group>"; };
		46CDC4522A93B13F0069C6AF /* PostCollectionViewCell.swift */ = {isa = PBXFileReference; lastKnownFileType = sourcecode.swift; path = PostCollectionViewCell.swift; sourceTree = "<group>"; };
		46CDC4552A93B20B0069C6AF /* PostCollectionViewCellScreen.swift */ = {isa = PBXFileReference; lastKnownFileType = sourcecode.swift; path = PostCollectionViewCellScreen.swift; sourceTree = "<group>"; };
		46E0D4C52A8E541200494BD5 /* PrimeiroAppMVVM.app */ = {isa = PBXFileReference; explicitFileType = wrapper.application; includeInIndex = 0; path = PrimeiroAppMVVM.app; sourceTree = BUILT_PRODUCTS_DIR; };
		46E0D4C82A8E541200494BD5 /* AppDelegate.swift */ = {isa = PBXFileReference; lastKnownFileType = sourcecode.swift; path = AppDelegate.swift; sourceTree = "<group>"; };
		46E0D4CA2A8E541200494BD5 /* SceneDelegate.swift */ = {isa = PBXFileReference; lastKnownFileType = sourcecode.swift; path = SceneDelegate.swift; sourceTree = "<group>"; };
		46E0D4CC2A8E541200494BD5 /* HomeVC.swift */ = {isa = PBXFileReference; lastKnownFileType = sourcecode.swift; path = HomeVC.swift; sourceTree = "<group>"; };
		46E0D4D12A8E541400494BD5 /* Assets.xcassets */ = {isa = PBXFileReference; lastKnownFileType = folder.assetcatalog; path = Assets.xcassets; sourceTree = "<group>"; };
		46E0D4D42A8E541400494BD5 /* Base */ = {isa = PBXFileReference; lastKnownFileType = file.storyboard; name = Base; path = Base.lproj/LaunchScreen.storyboard; sourceTree = "<group>"; };
		46E0D4D62A8E541400494BD5 /* Info.plist */ = {isa = PBXFileReference; lastKnownFileType = text.plist.xml; path = Info.plist; sourceTree = "<group>"; };
		46E0D4DD2A8E56E200494BD5 /* HomeScreen.swift */ = {isa = PBXFileReference; lastKnownFileType = sourcecode.swift; path = HomeScreen.swift; sourceTree = "<group>"; };
		46E0D4E02A8E5C4600494BD5 /* UIView + Extension.swift */ = {isa = PBXFileReference; lastKnownFileType = sourcecode.swift; path = "UIView + Extension.swift"; sourceTree = "<group>"; };
		46E0D4E22A8E5FD600494BD5 /* UIColor + Extension.swift */ = {isa = PBXFileReference; lastKnownFileType = sourcecode.swift; path = "UIColor + Extension.swift"; sourceTree = "<group>"; };
/* End PBXFileReference section */

/* Begin PBXFrameworksBuildPhase section */
		46E0D4C22A8E541200494BD5 /* Frameworks */ = {
			isa = PBXFrameworksBuildPhase;
			buildActionMask = 2147483647;
			files = (
			);
			runOnlyForDeploymentPostprocessing = 0;
		};
/* End PBXFrameworksBuildPhase section */

/* Begin PBXGroup section */
		46CDC42E2A8F94B50069C6AF /* Cell */ = {
			isa = PBXGroup;
			children = (
				46CDC4452A90FFB30069C6AF /* Post */,
				46CDC4442A90FF9B0069C6AF /* Story */,
			);
			path = Cell;
			sourceTree = "<group>";
		};
		46CDC42F2A8F94C60069C6AF /* StoryCardCollectionViewCell */ = {
			isa = PBXGroup;
			children = (
				46CDC4302A8F95680069C6AF /* StoryCardCollectionViewCell.swift */,
				46CDC4382A8FA62E0069C6AF /* ViewModel */,
				46CDC4322A8F96400069C6AF /* Screen */,
			);
			path = StoryCardCollectionViewCell;
			sourceTree = "<group>";
		};
		46CDC4322A8F96400069C6AF /* Screen */ = {
			isa = PBXGroup;
			children = (
				46CDC4332A8F96840069C6AF /* StoryCardCollectionViewCellScreen.swift */,
			);
			path = Screen;
			sourceTree = "<group>";
		};
		46CDC4352A8F9FD50069C6AF /* ViewController */ = {
			isa = PBXGroup;
			children = (
				46E0D4CC2A8E541200494BD5 /* HomeVC.swift */,
			);
			path = ViewController;
			sourceTree = "<group>";
		};
		46CDC4362A8F9FEC0069C6AF /* View */ = {
			isa = PBXGroup;
			children = (
				46E0D4DD2A8E56E200494BD5 /* HomeScreen.swift */,
			);
			path = View;
			sourceTree = "<group>";
		};
		46CDC4372A8F9FF80069C6AF /* ViewModel */ = {
			isa = PBXGroup;
			children = (
				46CDC42C2A8F90330069C6AF /* HomeViewModel.swift */,
			);
			path = ViewModel;
			sourceTree = "<group>";
		};
		46CDC4382A8FA62E0069C6AF /* ViewModel */ = {
			isa = PBXGroup;
			children = (
				46CDC4392A8FA6AC0069C6AF /* StoryCardViewModel.swift */,
			);
			path = ViewModel;
			sourceTree = "<group>";
		};
		46CDC43B2A8FA8F60069C6AF /* Model */ = {
			isa = PBXGroup;
			children = (
				46CDC43C2A8FA9310069C6AF /* Storys.swift */,
				46CDC44C2A93A68B0069C6AF /* Posts.swift */,
			);
			path = Model;
			sourceTree = "<group>";
		};
		46CDC43E2A90D8A60069C6AF /* StoryCollectionViewCell */ = {
			isa = PBXGroup;
			children = (
				46CDC43F2A90D8D20069C6AF /* StoryCollectionViewCell.swift */,
				46CDC4412A90D9910069C6AF /* Screen */,
			);
			path = StoryCollectionViewCell;
			sourceTree = "<group>";
		};
		46CDC4412A90D9910069C6AF /* Screen */ = {
			isa = PBXGroup;
			children = (
				46CDC4422A90D9BA0069C6AF /* StoryCollectionViewCellScreen.swift */,
			);
			path = Screen;
			sourceTree = "<group>";
		};
		46CDC4442A90FF9B0069C6AF /* Story */ = {
			isa = PBXGroup;
			children = (
				46CDC42F2A8F94C60069C6AF /* StoryCardCollectionViewCell */,
				46CDC43E2A90D8A60069C6AF /* StoryCollectionViewCell */,
			);
			path = Story;
			sourceTree = "<group>";
		};
		46CDC4452A90FFB30069C6AF /* Post */ = {
			isa = PBXGroup;
			children = (
				46CDC4512A93B1110069C6AF /* PostCollectionViewCell */,
				46CDC4462A90FFCC0069C6AF /* PostCardCollectionViewCell */,
			);
			path = Post;
			sourceTree = "<group>";
		};
		46CDC4462A90FFCC0069C6AF /* PostCardCollectionViewCell */ = {
			isa = PBXGroup;
			children = (
				46CDC4472A90FFFC0069C6AF /* PostCardCollectionViewCell.swift */,
				46CDC44E2A93AC9D0069C6AF /* ViewModel */,
				46CDC4492A9100590069C6AF /* Screen */,
			);
			path = PostCardCollectionViewCell;
			sourceTree = "<group>";
		};
		46CDC4492A9100590069C6AF /* Screen */ = {
			isa = PBXGroup;
			children = (
				46CDC44A2A91007E0069C6AF /* PostCardCollectionViewCellScreen.swift */,
			);
			path = Screen;
			sourceTree = "<group>";
		};
		46CDC44E2A93AC9D0069C6AF /* ViewModel */ = {
			isa = PBXGroup;
			children = (
				46CDC44F2A93ACC50069C6AF /* PostCardViewModel.swift */,
			);
			path = ViewModel;
			sourceTree = "<group>";
		};
		46CDC4512A93B1110069C6AF /* PostCollectionViewCell */ = {
			isa = PBXGroup;
			children = (
				46CDC4522A93B13F0069C6AF /* PostCollectionViewCell.swift */,
				46CDC4542A93B17E0069C6AF /* Screen */,
			);
			path = PostCollectionViewCell;
			sourceTree = "<group>";
		};
		46CDC4542A93B17E0069C6AF /* Screen */ = {
			isa = PBXGroup;
			children = (
				46CDC4552A93B20B0069C6AF /* PostCollectionViewCellScreen.swift */,
			);
			path = Screen;
			sourceTree = "<group>";
		};
		46E0D4BC2A8E541200494BD5 = {
			isa = PBXGroup;
			children = (
				46E0D4C72A8E541200494BD5 /* PrimeiroAppMVVM */,
				46E0D4C62A8E541200494BD5 /* Products */,
			);
			sourceTree = "<group>";
		};
		46E0D4C62A8E541200494BD5 /* Products */ = {
			isa = PBXGroup;
			children = (
				46E0D4C52A8E541200494BD5 /* PrimeiroAppMVVM.app */,
			);
			name = Products;
			sourceTree = "<group>";
		};
		46E0D4C72A8E541200494BD5 /* PrimeiroAppMVVM */ = {
			isa = PBXGroup;
			children = (
				46E0D4DC2A8E56C400494BD5 /* Home */,
				46CDC42E2A8F94B50069C6AF /* Cell */,
				46CDC43B2A8FA8F60069C6AF /* Model */,
				46E0D4DF2A8E5B7400494BD5 /* Extension */,
				46E0D4C82A8E541200494BD5 /* AppDelegate.swift */,
				46E0D4CA2A8E541200494BD5 /* SceneDelegate.swift */,
				46E0D4D12A8E541400494BD5 /* Assets.xcassets */,
				46E0D4D32A8E541400494BD5 /* LaunchScreen.storyboard */,
				46E0D4D62A8E541400494BD5 /* Info.plist */,
			);
			path = PrimeiroAppMVVM;
			sourceTree = "<group>";
		};
		46E0D4DC2A8E56C400494BD5 /* Home */ = {
			isa = PBXGroup;
			children = (
				46CDC4352A8F9FD50069C6AF /* ViewController */,
				46CDC4362A8F9FEC0069C6AF /* View */,
				46CDC4372A8F9FF80069C6AF /* ViewModel */,
			);
			path = Home;
			sourceTree = "<group>";
		};
		46E0D4DF2A8E5B7400494BD5 /* Extension */ = {
			isa = PBXGroup;
			children = (
				46E0D4E02A8E5C4600494BD5 /* UIView + Extension.swift */,
				46E0D4E22A8E5FD600494BD5 /* UIColor + Extension.swift */,
			);
			path = Extension;
			sourceTree = "<group>";
		};
/* End PBXGroup section */

/* Begin PBXNativeTarget section */
		46E0D4C42A8E541200494BD5 /* PrimeiroAppMVVM */ = {
			isa = PBXNativeTarget;
			buildConfigurationList = 46E0D4D92A8E541400494BD5 /* Build configuration list for PBXNativeTarget "PrimeiroAppMVVM" */;
			buildPhases = (
				46E0D4C12A8E541200494BD5 /* Sources */,
				46E0D4C22A8E541200494BD5 /* Frameworks */,
				46E0D4C32A8E541200494BD5 /* Resources */,
			);
			buildRules = (
			);
			dependencies = (
			);
			name = PrimeiroAppMVVM;
			productName = PrimeiroAppMVVM;
			productReference = 46E0D4C52A8E541200494BD5 /* PrimeiroAppMVVM.app */;
			productType = "com.apple.product-type.application";
		};
/* End PBXNativeTarget section */

/* Begin PBXProject section */
		46E0D4BD2A8E541200494BD5 /* Project object */ = {
			isa = PBXProject;
			attributes = {
				BuildIndependentTargetsInParallel = 1;
				LastSwiftUpdateCheck = 1430;
				LastUpgradeCheck = 1430;
				TargetAttributes = {
					46E0D4C42A8E541200494BD5 = {
						CreatedOnToolsVersion = 14.3;
					};
				};
			};
			buildConfigurationList = 46E0D4C02A8E541200494BD5 /* Build configuration list for PBXProject "PrimeiroAppMVVM" */;
			compatibilityVersion = "Xcode 14.0";
			developmentRegion = en;
			hasScannedForEncodings = 0;
			knownRegions = (
				en,
				Base,
			);
			mainGroup = 46E0D4BC2A8E541200494BD5;
			productRefGroup = 46E0D4C62A8E541200494BD5 /* Products */;
			projectDirPath = "";
			projectRoot = "";
			targets = (
				46E0D4C42A8E541200494BD5 /* PrimeiroAppMVVM */,
			);
		};
/* End PBXProject section */

/* Begin PBXResourcesBuildPhase section */
		46E0D4C32A8E541200494BD5 /* Resources */ = {
			isa = PBXResourcesBuildPhase;
			buildActionMask = 2147483647;
			files = (
				46E0D4D52A8E541400494BD5 /* LaunchScreen.storyboard in Resources */,
				46E0D4D22A8E541400494BD5 /* Assets.xcassets in Resources */,
			);
			runOnlyForDeploymentPostprocessing = 0;
		};
/* End PBXResourcesBuildPhase section */

/* Begin PBXSourcesBuildPhase section */
		46E0D4C12A8E541200494BD5 /* Sources */ = {
			isa = PBXSourcesBuildPhase;
			buildActionMask = 2147483647;
			files = (
				46E0D4DE2A8E56E200494BD5 /* HomeScreen.swift in Sources */,
				46CDC4562A93B20B0069C6AF /* PostCollectionViewCellScreen.swift in Sources */,
				46CDC4432A90D9BA0069C6AF /* StoryCollectionViewCellScreen.swift in Sources */,
				46CDC4482A90FFFC0069C6AF /* PostCardCollectionViewCell.swift in Sources */,
				46E0D4CD2A8E541200494BD5 /* HomeVC.swift in Sources */,
				46CDC4312A8F95680069C6AF /* StoryCardCollectionViewCell.swift in Sources */,
				46CDC42D2A8F90330069C6AF /* HomeViewModel.swift in Sources */,
				46CDC4402A90D8D20069C6AF /* StoryCollectionViewCell.swift in Sources */,
				46CDC43A2A8FA6AC0069C6AF /* StoryCardViewModel.swift in Sources */,
				46CDC4532A93B13F0069C6AF /* PostCollectionViewCell.swift in Sources */,
				46CDC4502A93ACC50069C6AF /* PostCardViewModel.swift in Sources */,
				46CDC44B2A91007E0069C6AF /* PostCardCollectionViewCellScreen.swift in Sources */,
				46CDC43D2A8FA9310069C6AF /* Storys.swift in Sources */,
				46E0D4C92A8E541200494BD5 /* AppDelegate.swift in Sources */,
				46E0D4E32A8E5FD600494BD5 /* UIColor + Extension.swift in Sources */,
				46E0D4E12A8E5C4600494BD5 /* UIView + Extension.swift in Sources */,
				46E0D4CB2A8E541200494BD5 /* SceneDelegate.swift in Sources */,
				46CDC4342A8F96840069C6AF /* StoryCardCollectionViewCellScreen.swift in Sources */,
				46CDC44D2A93A68B0069C6AF /* Posts.swift in Sources */,
			);
			runOnlyForDeploymentPostprocessing = 0;
		};
/* End PBXSourcesBuildPhase section */

/* Begin PBXVariantGroup section */
		46E0D4D32A8E541400494BD5 /* LaunchScreen.storyboard */ = {
			isa = PBXVariantGroup;
			children = (
				46E0D4D42A8E541400494BD5 /* Base */,
			);
			name = LaunchScreen.storyboard;
			sourceTree = "<group>";
		};
/* End PBXVariantGroup section */

/* Begin XCBuildConfiguration section */
		46E0D4D72A8E541400494BD5 /* Debug */ = {
			isa = XCBuildConfiguration;
			buildSettings = {
				ALWAYS_SEARCH_USER_PATHS = NO;
				CLANG_ANALYZER_NONNULL = YES;
				CLANG_ANALYZER_NUMBER_OBJECT_CONVERSION = YES_AGGRESSIVE;
				CLANG_CXX_LANGUAGE_STANDARD = "gnu++20";
				CLANG_ENABLE_MODULES = YES;
				CLANG_ENABLE_OBJC_ARC = YES;
				CLANG_ENABLE_OBJC_WEAK = YES;
				CLANG_WARN_BLOCK_CAPTURE_AUTORELEASING = YES;
				CLANG_WARN_BOOL_CONVERSION = YES;
				CLANG_WARN_COMMA = YES;
				CLANG_WARN_CONSTANT_CONVERSION = YES;
				CLANG_WARN_DEPRECATED_OBJC_IMPLEMENTATIONS = YES;
				CLANG_WARN_DIRECT_OBJC_ISA_USAGE = YES_ERROR;
				CLANG_WARN_DOCUMENTATION_COMMENTS = YES;
				CLANG_WARN_EMPTY_BODY = YES;
				CLANG_WARN_ENUM_CONVERSION = YES;
				CLANG_WARN_INFINITE_RECURSION = YES;
				CLANG_WARN_INT_CONVERSION = YES;
				CLANG_WARN_NON_LITERAL_NULL_CONVERSION = YES;
				CLANG_WARN_OBJC_IMPLICIT_RETAIN_SELF = YES;
				CLANG_WARN_OBJC_LITERAL_CONVERSION = YES;
				CLANG_WARN_OBJC_ROOT_CLASS = YES_ERROR;
				CLANG_WARN_QUOTED_INCLUDE_IN_FRAMEWORK_HEADER = YES;
				CLANG_WARN_RANGE_LOOP_ANALYSIS = YES;
				CLANG_WARN_STRICT_PROTOTYPES = YES;
				CLANG_WARN_SUSPICIOUS_MOVE = YES;
				CLANG_WARN_UNGUARDED_AVAILABILITY = YES_AGGRESSIVE;
				CLANG_WARN_UNREACHABLE_CODE = YES;
				CLANG_WARN__DUPLICATE_METHOD_MATCH = YES;
				COPY_PHASE_STRIP = NO;
				DEBUG_INFORMATION_FORMAT = dwarf;
				ENABLE_STRICT_OBJC_MSGSEND = YES;
				ENABLE_TESTABILITY = YES;
				GCC_C_LANGUAGE_STANDARD = gnu11;
				GCC_DYNAMIC_NO_PIC = NO;
				GCC_NO_COMMON_BLOCKS = YES;
				GCC_OPTIMIZATION_LEVEL = 0;
				GCC_PREPROCESSOR_DEFINITIONS = (
					"DEBUG=1",
					"$(inherited)",
				);
				GCC_WARN_64_TO_32_BIT_CONVERSION = YES;
				GCC_WARN_ABOUT_RETURN_TYPE = YES_ERROR;
				GCC_WARN_UNDECLARED_SELECTOR = YES;
				GCC_WARN_UNINITIALIZED_AUTOS = YES_AGGRESSIVE;
				GCC_WARN_UNUSED_FUNCTION = YES;
				GCC_WARN_UNUSED_VARIABLE = YES;
				IPHONEOS_DEPLOYMENT_TARGET = 16.4;
				MTL_ENABLE_DEBUG_INFO = INCLUDE_SOURCE;
				MTL_FAST_MATH = YES;
				ONLY_ACTIVE_ARCH = YES;
				SDKROOT = iphoneos;
				SWIFT_ACTIVE_COMPILATION_CONDITIONS = DEBUG;
				SWIFT_OPTIMIZATION_LEVEL = "-Onone";
			};
			name = Debug;
		};
		46E0D4D82A8E541400494BD5 /* Release */ = {
			isa = XCBuildConfiguration;
			buildSettings = {
				ALWAYS_SEARCH_USER_PATHS = NO;
				CLANG_ANALYZER_NONNULL = YES;
				CLANG_ANALYZER_NUMBER_OBJECT_CONVERSION = YES_AGGRESSIVE;
				CLANG_CXX_LANGUAGE_STANDARD = "gnu++20";
				CLANG_ENABLE_MODULES = YES;
				CLANG_ENABLE_OBJC_ARC = YES;
				CLANG_ENABLE_OBJC_WEAK = YES;
				CLANG_WARN_BLOCK_CAPTURE_AUTORELEASING = YES;
				CLANG_WARN_BOOL_CONVERSION = YES;
				CLANG_WARN_COMMA = YES;
				CLANG_WARN_CONSTANT_CONVERSION = YES;
				CLANG_WARN_DEPRECATED_OBJC_IMPLEMENTATIONS = YES;
				CLANG_WARN_DIRECT_OBJC_ISA_USAGE = YES_ERROR;
				CLANG_WARN_DOCUMENTATION_COMMENTS = YES;
				CLANG_WARN_EMPTY_BODY = YES;
				CLANG_WARN_ENUM_CONVERSION = YES;
				CLANG_WARN_INFINITE_RECURSION = YES;
				CLANG_WARN_INT_CONVERSION = YES;
				CLANG_WARN_NON_LITERAL_NULL_CONVERSION = YES;
				CLANG_WARN_OBJC_IMPLICIT_RETAIN_SELF = YES;
				CLANG_WARN_OBJC_LITERAL_CONVERSION = YES;
				CLANG_WARN_OBJC_ROOT_CLASS = YES_ERROR;
				CLANG_WARN_QUOTED_INCLUDE_IN_FRAMEWORK_HEADER = YES;
				CLANG_WARN_RANGE_LOOP_ANALYSIS = YES;
				CLANG_WARN_STRICT_PROTOTYPES = YES;
				CLANG_WARN_SUSPICIOUS_MOVE = YES;
				CLANG_WARN_UNGUARDED_AVAILABILITY = YES_AGGRESSIVE;
				CLANG_WARN_UNREACHABLE_CODE = YES;
				CLANG_WARN__DUPLICATE_METHOD_MATCH = YES;
				COPY_PHASE_STRIP = NO;
				DEBUG_INFORMATION_FORMAT = "dwarf-with-dsym";
				ENABLE_NS_ASSERTIONS = NO;
				ENABLE_STRICT_OBJC_MSGSEND = YES;
				GCC_C_LANGUAGE_STANDARD = gnu11;
				GCC_NO_COMMON_BLOCKS = YES;
				GCC_WARN_64_TO_32_BIT_CONVERSION = YES;
				GCC_WARN_ABOUT_RETURN_TYPE = YES_ERROR;
				GCC_WARN_UNDECLARED_SELECTOR = YES;
				GCC_WARN_UNINITIALIZED_AUTOS = YES_AGGRESSIVE;
				GCC_WARN_UNUSED_FUNCTION = YES;
				GCC_WARN_UNUSED_VARIABLE = YES;
				IPHONEOS_DEPLOYMENT_TARGET = 16.4;
				MTL_ENABLE_DEBUG_INFO = NO;
				MTL_FAST_MATH = YES;
				SDKROOT = iphoneos;
				SWIFT_COMPILATION_MODE = wholemodule;
				SWIFT_OPTIMIZATION_LEVEL = "-O";
				VALIDATE_PRODUCT = YES;
			};
			name = Release;
		};
		46E0D4DA2A8E541400494BD5 /* Debug */ = {
			isa = XCBuildConfiguration;
			buildSettings = {
				ASSETCATALOG_COMPILER_APPICON_NAME = AppIcon;
				ASSETCATALOG_COMPILER_GLOBAL_ACCENT_COLOR_NAME = AccentColor;
				CODE_SIGN_STYLE = Automatic;
				CURRENT_PROJECT_VERSION = 1;
				DEVELOPMENT_TEAM = 3WX9FH8392;
				GENERATE_INFOPLIST_FILE = YES;
				INFOPLIST_FILE = PrimeiroAppMVVM/Info.plist;
				INFOPLIST_KEY_UIApplicationSupportsIndirectInputEvents = YES;
				INFOPLIST_KEY_UILaunchStoryboardName = LaunchScreen;
				INFOPLIST_KEY_UIMainStoryboardFile = "";
				INFOPLIST_KEY_UISupportedInterfaceOrientations_iPad = "UIInterfaceOrientationPortrait UIInterfaceOrientationPortraitUpsideDown UIInterfaceOrientationLandscapeLeft UIInterfaceOrientationLandscapeRight";
				INFOPLIST_KEY_UISupportedInterfaceOrientations_iPhone = "UIInterfaceOrientationPortrait UIInterfaceOrientationLandscapeLeft UIInterfaceOrientationLandscapeRight";
				LD_RUNPATH_SEARCH_PATHS = (
					"$(inherited)",
					"@executable_path/Frameworks",
				);
				MARKETING_VERSION = 1.0;
				PRODUCT_BUNDLE_IDENTIFIER = com.lucas.PrimeiroAppMVVM;
				PRODUCT_NAME = "$(TARGET_NAME)";
				SUPPORTED_PLATFORMS = "iphoneos iphonesimulator";
				SUPPORTS_MACCATALYST = NO;
				SUPPORTS_MAC_DESIGNED_FOR_IPHONE_IPAD = NO;
				SWIFT_EMIT_LOC_STRINGS = YES;
				SWIFT_VERSION = 5.0;
				TARGETED_DEVICE_FAMILY = 1;
			};
			name = Debug;
		};
		46E0D4DB2A8E541400494BD5 /* Release */ = {
			isa = XCBuildConfiguration;
			buildSettings = {
				ASSETCATALOG_COMPILER_APPICON_NAME = AppIcon;
				ASSETCATALOG_COMPILER_GLOBAL_ACCENT_COLOR_NAME = AccentColor;
				CODE_SIGN_STYLE = Automatic;
				CURRENT_PROJECT_VERSION = 1;
				DEVELOPMENT_TEAM = 3WX9FH8392;
				GENERATE_INFOPLIST_FILE = YES;
				INFOPLIST_FILE = PrimeiroAppMVVM/Info.plist;
				INFOPLIST_KEY_UIApplicationSupportsIndirectInputEvents = YES;
				INFOPLIST_KEY_UILaunchStoryboardName = LaunchScreen;
				INFOPLIST_KEY_UIMainStoryboardFile = "";
				INFOPLIST_KEY_UISupportedInterfaceOrientations_iPad = "UIInterfaceOrientationPortrait UIInterfaceOrientationPortraitUpsideDown UIInterfaceOrientationLandscapeLeft UIInterfaceOrientationLandscapeRight";
				INFOPLIST_KEY_UISupportedInterfaceOrientations_iPhone = "UIInterfaceOrientationPortrait UIInterfaceOrientationLandscapeLeft UIInterfaceOrientationLandscapeRight";
				LD_RUNPATH_SEARCH_PATHS = (
					"$(inherited)",
					"@executable_path/Frameworks",
				);
				MARKETING_VERSION = 1.0;
				PRODUCT_BUNDLE_IDENTIFIER = com.lucas.PrimeiroAppMVVM;
				PRODUCT_NAME = "$(TARGET_NAME)";
				SUPPORTED_PLATFORMS = "iphoneos iphonesimulator";
				SUPPORTS_MACCATALYST = NO;
				SUPPORTS_MAC_DESIGNED_FOR_IPHONE_IPAD = NO;
				SWIFT_EMIT_LOC_STRINGS = YES;
				SWIFT_VERSION = 5.0;
				TARGETED_DEVICE_FAMILY = 1;
			};
			name = Release;
		};
/* End XCBuildConfiguration section */

/* Begin XCConfigurationList section */
		46E0D4C02A8E541200494BD5 /* Build configuration list for PBXProject "PrimeiroAppMVVM" */ = {
			isa = XCConfigurationList;
			buildConfigurations = (
				46E0D4D72A8E541400494BD5 /* Debug */,
				46E0D4D82A8E541400494BD5 /* Release */,
			);
			defaultConfigurationIsVisible = 0;
			defaultConfigurationName = Release;
		};
		46E0D4D92A8E541400494BD5 /* Build configuration list for PBXNativeTarget "PrimeiroAppMVVM" */ = {
			isa = XCConfigurationList;
			buildConfigurations = (
				46E0D4DA2A8E541400494BD5 /* Debug */,
				46E0D4DB2A8E541400494BD5 /* Release */,
			);
			defaultConfigurationIsVisible = 0;
			defaultConfigurationName = Release;
		};
/* End XCConfigurationList section */
	};
	rootObject = 46E0D4BD2A8E541200494BD5 /* Project object */;
}
