// !$*UTF8*$!
{
	archiveVersion = 1;
	classes = {
	};
	objectVersion = 56;
	objects = {

/* Begin PBXBuildFile section */
		4602FBD32A87B8FA0028BED4 /* AppDelegate.swift in Sources */ = {isa = PBXBuildFile; fileRef = 4602FBD22A87B8FA0028BED4 /* AppDelegate.swift */; };
		4602FBD52A87B8FA0028BED4 /* SceneDelegate.swift in Sources */ = {isa = PBXBuildFile; fileRef = 4602FBD42A87B8FA0028BED4 /* SceneDelegate.swift */; };
		4602FBD72A87B8FA0028BED4 /* LoginVC.swift in Sources */ = {isa = PBXBuildFile; fileRef = 4602FBD62A87B8FA0028BED4 /* LoginVC.swift */; };
		4602FBDC2A87B8FC0028BED4 /* Assets.xcassets in Resources */ = {isa = PBXBuildFile; fileRef = 4602FBDB2A87B8FC0028BED4 /* Assets.xcassets */; };
		4602FBDF2A87B8FC0028BED4 /* LaunchScreen.storyboard in Resources */ = {isa = PBXBuildFile; fileRef = 4602FBDD2A87B8FC0028BED4 /* LaunchScreen.storyboard */; };
		462C8C032AA6098600E85A9E /* GoogleService-Info.plist in Resources */ = {isa = PBXBuildFile; fileRef = 462C8C022AA6098600E85A9E /* GoogleService-Info.plist */; };
		462C8C062AA60AA200E85A9E /* FirebaseAuth in Frameworks */ = {isa = PBXBuildFile; productRef = 462C8C052AA60AA200E85A9E /* FirebaseAuth */; };
		462C8C082AA60AA200E85A9E /* FirebaseCrashlytics in Frameworks */ = {isa = PBXBuildFile; productRef = 462C8C072AA60AA200E85A9E /* FirebaseCrashlytics */; };
		462C8C0C2AA60E8E00E85A9E /* UIViewController+Extension.swift in Sources */ = {isa = PBXBuildFile; fileRef = 462C8C0B2AA60E8E00E85A9E /* UIViewController+Extension.swift */; };
		462C8C0E2AA617A600E85A9E /* String+Extension.swift in Sources */ = {isa = PBXBuildFile; fileRef = 462C8C0D2AA617A600E85A9E /* String+Extension.swift */; };
		4645228F2A8AB1B6005CC18E /* LoginScreen.swift in Sources */ = {isa = PBXBuildFile; fileRef = 4645228E2A8AB1B6005CC18E /* LoginScreen.swift */; };
/* End PBXBuildFile section */

/* Begin PBXFileReference section */
		4602FBCF2A87B8FA0028BED4 /* AppBackFront.app */ = {isa = PBXFileReference; explicitFileType = wrapper.application; includeInIndex = 0; path = AppBackFront.app; sourceTree = BUILT_PRODUCTS_DIR; };
		4602FBD22A87B8FA0028BED4 /* AppDelegate.swift */ = {isa = PBXFileReference; lastKnownFileType = sourcecode.swift; path = AppDelegate.swift; sourceTree = "<group>"; };
		4602FBD42A87B8FA0028BED4 /* SceneDelegate.swift */ = {isa = PBXFileReference; lastKnownFileType = sourcecode.swift; path = SceneDelegate.swift; sourceTree = "<group>"; };
		4602FBD62A87B8FA0028BED4 /* LoginVC.swift */ = {isa = PBXFileReference; lastKnownFileType = sourcecode.swift; path = LoginVC.swift; sourceTree = "<group>"; };
		4602FBDB2A87B8FC0028BED4 /* Assets.xcassets */ = {isa = PBXFileReference; lastKnownFileType = folder.assetcatalog; path = Assets.xcassets; sourceTree = "<group>"; };
		4602FBDE2A87B8FC0028BED4 /* Base */ = {isa = PBXFileReference; lastKnownFileType = file.storyboard; name = Base; path = Base.lproj/LaunchScreen.storyboard; sourceTree = "<group>"; };
		4602FBE02A87B8FC0028BED4 /* Info.plist */ = {isa = PBXFileReference; lastKnownFileType = text.plist.xml; path = Info.plist; sourceTree = "<group>"; };
		462C8C022AA6098600E85A9E /* GoogleService-Info.plist */ = {isa = PBXFileReference; fileEncoding = 4; lastKnownFileType = text.plist.xml; path = "GoogleService-Info.plist"; sourceTree = "<group>"; };
		462C8C0B2AA60E8E00E85A9E /* UIViewController+Extension.swift */ = {isa = PBXFileReference; lastKnownFileType = sourcecode.swift; path = "UIViewController+Extension.swift"; sourceTree = "<group>"; };
		462C8C0D2AA617A600E85A9E /* String+Extension.swift */ = {isa = PBXFileReference; lastKnownFileType = sourcecode.swift; path = "String+Extension.swift"; sourceTree = "<group>"; };
		4645228E2A8AB1B6005CC18E /* LoginScreen.swift */ = {isa = PBXFileReference; lastKnownFileType = sourcecode.swift; path = LoginScreen.swift; sourceTree = "<group>"; };
/* End PBXFileReference section */

/* Begin PBXFrameworksBuildPhase section */
		4602FBCC2A87B8FA0028BED4 /* Frameworks */ = {
			isa = PBXFrameworksBuildPhase;
			buildActionMask = 2147483647;
			files = (
				462C8C062AA60AA200E85A9E /* FirebaseAuth in Frameworks */,
				462C8C082AA60AA200E85A9E /* FirebaseCrashlytics in Frameworks */,
			);
			runOnlyForDeploymentPostprocessing = 0;
		};
/* End PBXFrameworksBuildPhase section */

/* Begin PBXGroup section */
		4602FBC62A87B8FA0028BED4 = {
			isa = PBXGroup;
			children = (
				4602FBD12A87B8FA0028BED4 /* AppBackFront */,
				4602FBD02A87B8FA0028BED4 /* Products */,
			);
			sourceTree = "<group>";
		};
		4602FBD02A87B8FA0028BED4 /* Products */ = {
			isa = PBXGroup;
			children = (
				4602FBCF2A87B8FA0028BED4 /* AppBackFront.app */,
			);
			name = Products;
			sourceTree = "<group>";
		};
		4602FBD12A87B8FA0028BED4 /* AppBackFront */ = {
			isa = PBXGroup;
			children = (
				462C8C092AA60E2F00E85A9E /* Utils */,
				464522902A8AB98B005CC18E /* Login */,
				4602FBD22A87B8FA0028BED4 /* AppDelegate.swift */,
				4602FBD42A87B8FA0028BED4 /* SceneDelegate.swift */,
				4602FBDB2A87B8FC0028BED4 /* Assets.xcassets */,
				4602FBDD2A87B8FC0028BED4 /* LaunchScreen.storyboard */,
				462C8C022AA6098600E85A9E /* GoogleService-Info.plist */,
				4602FBE02A87B8FC0028BED4 /* Info.plist */,
			);
			path = AppBackFront;
			sourceTree = "<group>";
		};
		462C8C092AA60E2F00E85A9E /* Utils */ = {
			isa = PBXGroup;
			children = (
				462C8C0A2AA60E3600E85A9E /* Extension */,
			);
			path = Utils;
			sourceTree = "<group>";
		};
		462C8C0A2AA60E3600E85A9E /* Extension */ = {
			isa = PBXGroup;
			children = (
				462C8C0B2AA60E8E00E85A9E /* UIViewController+Extension.swift */,
				462C8C0D2AA617A600E85A9E /* String+Extension.swift */,
			);
			path = Extension;
			sourceTree = "<group>";
		};
		464522902A8AB98B005CC18E /* Login */ = {
			isa = PBXGroup;
			children = (
				464522922A8AB99F005CC18E /* Screen */,
				464522912A8AB993005CC18E /* VC */,
			);
			path = Login;
			sourceTree = "<group>";
		};
		464522912A8AB993005CC18E /* VC */ = {
			isa = PBXGroup;
			children = (
				4602FBD62A87B8FA0028BED4 /* LoginVC.swift */,
			);
			path = VC;
			sourceTree = "<group>";
		};
		464522922A8AB99F005CC18E /* Screen */ = {
			isa = PBXGroup;
			children = (
				4645228E2A8AB1B6005CC18E /* LoginScreen.swift */,
			);
			path = Screen;
			sourceTree = "<group>";
		};
/* End PBXGroup section */

/* Begin PBXNativeTarget section */
		4602FBCE2A87B8FA0028BED4 /* AppBackFront */ = {
			isa = PBXNativeTarget;
			buildConfigurationList = 4602FBE32A87B8FC0028BED4 /* Build configuration list for PBXNativeTarget "AppBackFront" */;
			buildPhases = (
				4602FBCB2A87B8FA0028BED4 /* Sources */,
				4602FBCC2A87B8FA0028BED4 /* Frameworks */,
				4602FBCD2A87B8FA0028BED4 /* Resources */,
			);
			buildRules = (
			);
			dependencies = (
			);
			name = AppBackFront;
			packageProductDependencies = (
				462C8C052AA60AA200E85A9E /* FirebaseAuth */,
				462C8C072AA60AA200E85A9E /* FirebaseCrashlytics */,
			);
			productName = AppBackFront;
			productReference = 4602FBCF2A87B8FA0028BED4 /* AppBackFront.app */;
			productType = "com.apple.product-type.application";
		};
/* End PBXNativeTarget section */

/* Begin PBXProject section */
		4602FBC72A87B8FA0028BED4 /* Project object */ = {
			isa = PBXProject;
			attributes = {
				BuildIndependentTargetsInParallel = 1;
				LastSwiftUpdateCheck = 1430;
				LastUpgradeCheck = 1430;
				TargetAttributes = {
					4602FBCE2A87B8FA0028BED4 = {
						CreatedOnToolsVersion = 14.3;
					};
				};
			};
			buildConfigurationList = 4602FBCA2A87B8FA0028BED4 /* Build configuration list for PBXProject "AppBackFront" */;
			compatibilityVersion = "Xcode 14.0";
			developmentRegion = en;
			hasScannedForEncodings = 0;
			knownRegions = (
				en,
				Base,
			);
			mainGroup = 4602FBC62A87B8FA0028BED4;
			packageReferences = (
				462C8C042AA60AA200E85A9E /* XCRemoteSwiftPackageReference "firebase-ios-sdk" */,
			);
			productRefGroup = 4602FBD02A87B8FA0028BED4 /* Products */;
			projectDirPath = "";
			projectRoot = "";
			targets = (
				4602FBCE2A87B8FA0028BED4 /* AppBackFront */,
			);
		};
/* End PBXProject section */

/* Begin PBXResourcesBuildPhase section */
		4602FBCD2A87B8FA0028BED4 /* Resources */ = {
			isa = PBXResourcesBuildPhase;
			buildActionMask = 2147483647;
			files = (
				4602FBDF2A87B8FC0028BED4 /* LaunchScreen.storyboard in Resources */,
				462C8C032AA6098600E85A9E /* GoogleService-Info.plist in Resources */,
				4602FBDC2A87B8FC0028BED4 /* Assets.xcassets in Resources */,
			);
			runOnlyForDeploymentPostprocessing = 0;
		};
/* End PBXResourcesBuildPhase section */

/* Begin PBXSourcesBuildPhase section */
		4602FBCB2A87B8FA0028BED4 /* Sources */ = {
			isa = PBXSourcesBuildPhase;
			buildActionMask = 2147483647;
			files = (
				4602FBD72A87B8FA0028BED4 /* LoginVC.swift in Sources */,
				4645228F2A8AB1B6005CC18E /* LoginScreen.swift in Sources */,
				4602FBD32A87B8FA0028BED4 /* AppDelegate.swift in Sources */,
				462C8C0C2AA60E8E00E85A9E /* UIViewController+Extension.swift in Sources */,
				462C8C0E2AA617A600E85A9E /* String+Extension.swift in Sources */,
				4602FBD52A87B8FA0028BED4 /* SceneDelegate.swift in Sources */,
			);
			runOnlyForDeploymentPostprocessing = 0;
		};
/* End PBXSourcesBuildPhase section */

/* Begin PBXVariantGroup section */
		4602FBDD2A87B8FC0028BED4 /* LaunchScreen.storyboard */ = {
			isa = PBXVariantGroup;
			children = (
				4602FBDE2A87B8FC0028BED4 /* Base */,
			);
			name = LaunchScreen.storyboard;
			sourceTree = "<group>";
		};
/* End PBXVariantGroup section */

/* Begin XCBuildConfiguration section */
		4602FBE12A87B8FC0028BED4 /* Debug */ = {
			isa = XCBuildConfiguration;
			buildSettings = {
				ALWAYS_SEARCH_USER_PATHS = NO;
				CLANG_ANALYZER_NONNULL = YES;
				CLANG_ANALYZER_NUMBER_OBJECT_CONVERSION = YES_AGGRESSIVE;
				CLANG_CXX_LANGUAGE_STANDARD = "gnu++20";
				CLANG_ENABLE_MODULES = YES;
				CLANG_ENABLE_OBJC_ARC = YES;
				CLANG_ENABLE_OBJC_WEAK = YES;
				CLANG_WARN_BLOCK_CAPTURE_AUTORELEASING = YES;
				CLANG_WARN_BOOL_CONVERSION = YES;
				CLANG_WARN_COMMA = YES;
				CLANG_WARN_CONSTANT_CONVERSION = YES;
				CLANG_WARN_DEPRECATED_OBJC_IMPLEMENTATIONS = YES;
				CLANG_WARN_DIRECT_OBJC_ISA_USAGE = YES_ERROR;
				CLANG_WARN_DOCUMENTATION_COMMENTS = YES;
				CLANG_WARN_EMPTY_BODY = YES;
				CLANG_WARN_ENUM_CONVERSION = YES;
				CLANG_WARN_INFINITE_RECURSION = YES;
				CLANG_WARN_INT_CONVERSION = YES;
				CLANG_WARN_NON_LITERAL_NULL_CONVERSION = YES;
				CLANG_WARN_OBJC_IMPLICIT_RETAIN_SELF = YES;
				CLANG_WARN_OBJC_LITERAL_CONVERSION = YES;
				CLANG_WARN_OBJC_ROOT_CLASS = YES_ERROR;
				CLANG_WARN_QUOTED_INCLUDE_IN_FRAMEWORK_HEADER = YES;
				CLANG_WARN_RANGE_LOOP_ANALYSIS = YES;
				CLANG_WARN_STRICT_PROTOTYPES = YES;
				CLANG_WARN_SUSPICIOUS_MOVE = YES;
				CLANG_WARN_UNGUARDED_AVAILABILITY = YES_AGGRESSIVE;
				CLANG_WARN_UNREACHABLE_CODE = YES;
				CLANG_WARN__DUPLICATE_METHOD_MATCH = YES;
				COPY_PHASE_STRIP = NO;
				DEBUG_INFORMATION_FORMAT = dwarf;
				ENABLE_STRICT_OBJC_MSGSEND = YES;
				ENABLE_TESTABILITY = YES;
				GCC_C_LANGUAGE_STANDARD = gnu11;
				GCC_DYNAMIC_NO_PIC = NO;
				GCC_NO_COMMON_BLOCKS = YES;
				GCC_OPTIMIZATION_LEVEL = 0;
				GCC_PREPROCESSOR_DEFINITIONS = (
					"DEBUG=1",
					"$(inherited)",
				);
				GCC_WARN_64_TO_32_BIT_CONVERSION = YES;
				GCC_WARN_ABOUT_RETURN_TYPE = YES_ERROR;
				GCC_WARN_UNDECLARED_SELECTOR = YES;
				GCC_WARN_UNINITIALIZED_AUTOS = YES_AGGRESSIVE;
				GCC_WARN_UNUSED_FUNCTION = YES;
				GCC_WARN_UNUSED_VARIABLE = YES;
				IPHONEOS_DEPLOYMENT_TARGET = 16.4;
				MTL_ENABLE_DEBUG_INFO = INCLUDE_SOURCE;
				MTL_FAST_MATH = YES;
				ONLY_ACTIVE_ARCH = YES;
				SDKROOT = iphoneos;
				SWIFT_ACTIVE_COMPILATION_CONDITIONS = DEBUG;
				SWIFT_OPTIMIZATION_LEVEL = "-Onone";
			};
			name = Debug;
		};
		4602FBE22A87B8FC0028BED4 /* Release */ = {
			isa = XCBuildConfiguration;
			buildSettings = {
				ALWAYS_SEARCH_USER_PATHS = NO;
				CLANG_ANALYZER_NONNULL = YES;
				CLANG_ANALYZER_NUMBER_OBJECT_CONVERSION = YES_AGGRESSIVE;
				CLANG_CXX_LANGUAGE_STANDARD = "gnu++20";
				CLANG_ENABLE_MODULES = YES;
				CLANG_ENABLE_OBJC_ARC = YES;
				CLANG_ENABLE_OBJC_WEAK = YES;
				CLANG_WARN_BLOCK_CAPTURE_AUTORELEASING = YES;
				CLANG_WARN_BOOL_CONVERSION = YES;
				CLANG_WARN_COMMA = YES;
				CLANG_WARN_CONSTANT_CONVERSION = YES;
				CLANG_WARN_DEPRECATED_OBJC_IMPLEMENTATIONS = YES;
				CLANG_WARN_DIRECT_OBJC_ISA_USAGE = YES_ERROR;
				CLANG_WARN_DOCUMENTATION_COMMENTS = YES;
				CLANG_WARN_EMPTY_BODY = YES;
				CLANG_WARN_ENUM_CONVERSION = YES;
				CLANG_WARN_INFINITE_RECURSION = YES;
				CLANG_WARN_INT_CONVERSION = YES;
				CLANG_WARN_NON_LITERAL_NULL_CONVERSION = YES;
				CLANG_WARN_OBJC_IMPLICIT_RETAIN_SELF = YES;
				CLANG_WARN_OBJC_LITERAL_CONVERSION = YES;
				CLANG_WARN_OBJC_ROOT_CLASS = YES_ERROR;
				CLANG_WARN_QUOTED_INCLUDE_IN_FRAMEWORK_HEADER = YES;
				CLANG_WARN_RANGE_LOOP_ANALYSIS = YES;
				CLANG_WARN_STRICT_PROTOTYPES = YES;
				CLANG_WARN_SUSPICIOUS_MOVE = YES;
				CLANG_WARN_UNGUARDED_AVAILABILITY = YES_AGGRESSIVE;
				CLANG_WARN_UNREACHABLE_CODE = YES;
				CLANG_WARN__DUPLICATE_METHOD_MATCH = YES;
				COPY_PHASE_STRIP = NO;
				DEBUG_INFORMATION_FORMAT = "dwarf-with-dsym";
				ENABLE_NS_ASSERTIONS = NO;
				ENABLE_STRICT_OBJC_MSGSEND = YES;
				GCC_C_LANGUAGE_STANDARD = gnu11;
				GCC_NO_COMMON_BLOCKS = YES;
				GCC_WARN_64_TO_32_BIT_CONVERSION = YES;
				GCC_WARN_ABOUT_RETURN_TYPE = YES_ERROR;
				GCC_WARN_UNDECLARED_SELECTOR = YES;
				GCC_WARN_UNINITIALIZED_AUTOS = YES_AGGRESSIVE;
				GCC_WARN_UNUSED_FUNCTION = YES;
				GCC_WARN_UNUSED_VARIABLE = YES;
				IPHONEOS_DEPLOYMENT_TARGET = 16.4;
				MTL_ENABLE_DEBUG_INFO = NO;
				MTL_FAST_MATH = YES;
				SDKROOT = iphoneos;
				SWIFT_COMPILATION_MODE = wholemodule;
				SWIFT_OPTIMIZATION_LEVEL = "-O";
				VALIDATE_PRODUCT = YES;
			};
			name = Release;
		};
		4602FBE42A87B8FC0028BED4 /* Debug */ = {
			isa = XCBuildConfiguration;
			buildSettings = {
				ASSETCATALOG_COMPILER_APPICON_NAME = AppIcon;
				ASSETCATALOG_COMPILER_GLOBAL_ACCENT_COLOR_NAME = AccentColor;
				CODE_SIGN_STYLE = Automatic;
				CURRENT_PROJECT_VERSION = 1;
				DEVELOPMENT_TEAM = 3WX9FH8392;
				GENERATE_INFOPLIST_FILE = YES;
				INFOPLIST_FILE = AppBackFront/Info.plist;
				INFOPLIST_KEY_UIApplicationSupportsIndirectInputEvents = YES;
				INFOPLIST_KEY_UILaunchStoryboardName = LaunchScreen;
				INFOPLIST_KEY_UIMainStoryboardFile = "";
				INFOPLIST_KEY_UISupportedInterfaceOrientations_iPad = "UIInterfaceOrientationPortrait UIInterfaceOrientationPortraitUpsideDown UIInterfaceOrientationLandscapeLeft UIInterfaceOrientationLandscapeRight";
				INFOPLIST_KEY_UISupportedInterfaceOrientations_iPhone = "UIInterfaceOrientationPortrait UIInterfaceOrientationLandscapeLeft UIInterfaceOrientationLandscapeRight";
				LD_RUNPATH_SEARCH_PATHS = (
					"$(inherited)",
					"@executable_path/Frameworks",
				);
				MARKETING_VERSION = 1.0;
				PRODUCT_BUNDLE_IDENTIFIER = com.lucas.AppBackFront;
				PRODUCT_NAME = "$(TARGET_NAME)";
				SWIFT_EMIT_LOC_STRINGS = YES;
				SWIFT_VERSION = 5.0;
				TARGETED_DEVICE_FAMILY = "1,2";
			};
			name = Debug;
		};
		4602FBE52A87B8FC0028BED4 /* Release */ = {
			isa = XCBuildConfiguration;
			buildSettings = {
				ASSETCATALOG_COMPILER_APPICON_NAME = AppIcon;
				ASSETCATALOG_COMPILER_GLOBAL_ACCENT_COLOR_NAME = AccentColor;
				CODE_SIGN_STYLE = Automatic;
				CURRENT_PROJECT_VERSION = 1;
				DEVELOPMENT_TEAM = 3WX9FH8392;
				GENERATE_INFOPLIST_FILE = YES;
				INFOPLIST_FILE = AppBackFront/Info.plist;
				INFOPLIST_KEY_UIApplicationSupportsIndirectInputEvents = YES;
				INFOPLIST_KEY_UILaunchStoryboardName = LaunchScreen;
				INFOPLIST_KEY_UIMainStoryboardFile = "";
				INFOPLIST_KEY_UISupportedInterfaceOrientations_iPad = "UIInterfaceOrientationPortrait UIInterfaceOrientationPortraitUpsideDown UIInterfaceOrientationLandscapeLeft UIInterfaceOrientationLandscapeRight";
				INFOPLIST_KEY_UISupportedInterfaceOrientations_iPhone = "UIInterfaceOrientationPortrait UIInterfaceOrientationLandscapeLeft UIInterfaceOrientationLandscapeRight";
				LD_RUNPATH_SEARCH_PATHS = (
					"$(inherited)",
					"@executable_path/Frameworks",
				);
				MARKETING_VERSION = 1.0;
				PRODUCT_BUNDLE_IDENTIFIER = com.lucas.AppBackFront;
				PRODUCT_NAME = "$(TARGET_NAME)";
				SWIFT_EMIT_LOC_STRINGS = YES;
				SWIFT_VERSION = 5.0;
				TARGETED_DEVICE_FAMILY = "1,2";
			};
			name = Release;
		};
/* End XCBuildConfiguration section */

/* Begin XCConfigurationList section */
		4602FBCA2A87B8FA0028BED4 /* Build configuration list for PBXProject "AppBackFront" */ = {
			isa = XCConfigurationList;
			buildConfigurations = (
				4602FBE12A87B8FC0028BED4 /* Debug */,
				4602FBE22A87B8FC0028BED4 /* Release */,
			);
			defaultConfigurationIsVisible = 0;
			defaultConfigurationName = Release;
		};
		4602FBE32A87B8FC0028BED4 /* Build configuration list for PBXNativeTarget "AppBackFront" */ = {
			isa = XCConfigurationList;
			buildConfigurations = (
				4602FBE42A87B8FC0028BED4 /* Debug */,
				4602FBE52A87B8FC0028BED4 /* Release */,
			);
			defaultConfigurationIsVisible = 0;
			defaultConfigurationName = Release;
		};
/* End XCConfigurationList section */

/* Begin XCRemoteSwiftPackageReference section */
		462C8C042AA60AA200E85A9E /* XCRemoteSwiftPackageReference "firebase-ios-sdk" */ = {
			isa = XCRemoteSwiftPackageReference;
			repositoryURL = "https://github.com/firebase/firebase-ios-sdk";
			requirement = {
				kind = upToNextMajorVersion;
				minimumVersion = 10.0.0;
			};
		};
/* End XCRemoteSwiftPackageReference section */

/* Begin XCSwiftPackageProductDependency section */
		462C8C052AA60AA200E85A9E /* FirebaseAuth */ = {
			isa = XCSwiftPackageProductDependency;
			package = 462C8C042AA60AA200E85A9E /* XCRemoteSwiftPackageReference "firebase-ios-sdk" */;
			productName = FirebaseAuth;
		};
		462C8C072AA60AA200E85A9E /* FirebaseCrashlytics */ = {
			isa = XCSwiftPackageProductDependency;
			package = 462C8C042AA60AA200E85A9E /* XCRemoteSwiftPackageReference "firebase-ios-sdk" */;
			productName = FirebaseCrashlytics;
		};
/* End XCSwiftPackageProductDependency section */
	};
	rootObject = 4602FBC72A87B8FA0028BED4 /* Project object */;
}
